// !$*UTF8*$!
{
	archiveVersion = 1;
	classes = {
	};
	objectVersion = 50;
	objects = {

/* Begin PBXBuildFile section */
		04D7A84924FFC9BB008855A3 /* AppDelegate.swift in Sources */ = {isa = PBXBuildFile; fileRef = 04D7A84824FFC9BB008855A3 /* AppDelegate.swift */; };
		04D7A84B24FFC9BB008855A3 /* SceneDelegate.swift in Sources */ = {isa = PBXBuildFile; fileRef = 04D7A84A24FFC9BB008855A3 /* SceneDelegate.swift */; };
		04D7A84D24FFC9BB008855A3 /* ViewController.swift in Sources */ = {isa = PBXBuildFile; fileRef = 04D7A84C24FFC9BB008855A3 /* ViewController.swift */; };
		04D7A85024FFC9BB008855A3 /* Main.storyboard in Resources */ = {isa = PBXBuildFile; fileRef = 04D7A84E24FFC9BB008855A3 /* Main.storyboard */; };
		04D7A85224FFC9BF008855A3 /* Assets.xcassets in Resources */ = {isa = PBXBuildFile; fileRef = 04D7A85124FFC9BF008855A3 /* Assets.xcassets */; };
		04D7A85524FFC9BF008855A3 /* LaunchScreen.storyboard in Resources */ = {isa = PBXBuildFile; fileRef = 04D7A85324FFC9BF008855A3 /* LaunchScreen.storyboard */; };
		04D7A85D24FFCB71008855A3 /* DetailViewController.swift in Sources */ = {isa = PBXBuildFile; fileRef = 04D7A85C24FFCB71008855A3 /* DetailViewController.swift */; };
/* End PBXBuildFile section */

/* Begin PBXFileReference section */
		04D7A84524FFC9BB008855A3 /* TableViewAndDelegationProject.app */ = {isa = PBXFileReference; explicitFileType = wrapper.application; includeInIndex = 0; path = TableViewAndDelegationProject.app; sourceTree = BUILT_PRODUCTS_DIR; };
		04D7A84824FFC9BB008855A3 /* AppDelegate.swift */ = {isa = PBXFileReference; lastKnownFileType = sourcecode.swift; path = AppDelegate.swift; sourceTree = "<group>"; };
		04D7A84A24FFC9BB008855A3 /* SceneDelegate.swift */ = {isa = PBXFileReference; lastKnownFileType = sourcecode.swift; path = SceneDelegate.swift; sourceTree = "<group>"; };
		04D7A84C24FFC9BB008855A3 /* ViewController.swift */ = {isa = PBXFileReference; lastKnownFileType = sourcecode.swift; path = ViewController.swift; sourceTree = "<group>"; };
		04D7A84F24FFC9BB008855A3 /* Base */ = {isa = PBXFileReference; lastKnownFileType = file.storyboard; name = Base; path = Base.lproj/Main.storyboard; sourceTree = "<group>"; };
		04D7A85124FFC9BF008855A3 /* Assets.xcassets */ = {isa = PBXFileReference; lastKnownFileType = folder.assetcatalog; path = Assets.xcassets; sourceTree = "<group>"; };
		04D7A85424FFC9BF008855A3 /* Base */ = {isa = PBXFileReference; lastKnownFileType = file.storyboard; name = Base; path = Base.lproj/LaunchScreen.storyboard; sourceTree = "<group>"; };
		04D7A85624FFC9BF008855A3 /* Info.plist */ = {isa = PBXFileReference; lastKnownFileType = text.plist.xml; path = Info.plist; sourceTree = "<group>"; };
		04D7A85C24FFCB71008855A3 /* DetailViewController.swift */ = {isa = PBXFileReference; lastKnownFileType = sourcecode.swift; path = DetailViewController.swift; sourceTree = "<group>"; };
/* End PBXFileReference section */

/* Begin PBXFrameworksBuildPhase section */
		04D7A84224FFC9BB008855A3 /* Frameworks */ = {
			isa = PBXFrameworksBuildPhase;
			buildActionMask = 2147483647;
			files = (
			);
			runOnlyForDeploymentPostprocessing = 0;
		};
/* End PBXFrameworksBuildPhase section */

/* Begin PBXGroup section */
		04D7A83C24FFC9BB008855A3 = {
			isa = PBXGroup;
			children = (
				04D7A84724FFC9BB008855A3 /* TableViewAndDelegationProject */,
				04D7A84624FFC9BB008855A3 /* Products */,
			);
			sourceTree = "<group>";
		};
		04D7A84624FFC9BB008855A3 /* Products */ = {
			isa = PBXGroup;
			children = (
				04D7A84524FFC9BB008855A3 /* TableViewAndDelegationProject.app */,
			);
			name = Products;
			sourceTree = "<group>";
		};
		04D7A84724FFC9BB008855A3 /* TableViewAndDelegationProject */ = {
			isa = PBXGroup;
			children = (
				04D7A84824FFC9BB008855A3 /* AppDelegate.swift */,
				04D7A84A24FFC9BB008855A3 /* SceneDelegate.swift */,
				04D7A84C24FFC9BB008855A3 /* ViewController.swift */,
				04D7A84E24FFC9BB008855A3 /* Main.storyboard */,
				04D7A85124FFC9BF008855A3 /* Assets.xcassets */,
				04D7A85324FFC9BF008855A3 /* LaunchScreen.storyboard */,
				04D7A85624FFC9BF008855A3 /* Info.plist */,
				04D7A85C24FFCB71008855A3 /* DetailViewController.swift */,
			);
			path = TableViewAndDelegationProject;
			sourceTree = "<group>";
		};
/* End PBXGroup section */

/* Begin PBXNativeTarget section */
		04D7A84424FFC9BB008855A3 /* TableViewAndDelegationProject */ = {
			isa = PBXNativeTarget;
			buildConfigurationList = 04D7A85924FFC9BF008855A3 /* Build configuration list for PBXNativeTarget "TableViewAndDelegationProject" */;
			buildPhases = (
				04D7A84124FFC9BB008855A3 /* Sources */,
				04D7A84224FFC9BB008855A3 /* Frameworks */,
				04D7A84324FFC9BB008855A3 /* Resources */,
			);
			buildRules = (
			);
			dependencies = (
			);
			name = TableViewAndDelegationProject;
			productName = TableViewAndDelegationProject;
			productReference = 04D7A84524FFC9BB008855A3 /* TableViewAndDelegationProject.app */;
			productType = "com.apple.product-type.application";
		};
/* End PBXNativeTarget section */

/* Begin PBXProject section */
		04D7A83D24FFC9BB008855A3 /* Project object */ = {
			isa = PBXProject;
			attributes = {
				LastSwiftUpdateCheck = 1160;
				LastUpgradeCheck = 1160;
				ORGANIZATIONNAME = PaulRenfrew;
				TargetAttributes = {
					04D7A84424FFC9BB008855A3 = {
						CreatedOnToolsVersion = 11.6;
					};
				};
			};
			buildConfigurationList = 04D7A84024FFC9BB008855A3 /* Build configuration list for PBXProject "TableViewAndDelegationProject" */;
			compatibilityVersion = "Xcode 9.3";
			developmentRegion = en;
			hasScannedForEncodings = 0;
			knownRegions = (
				en,
				Base,
			);
			mainGroup = 04D7A83C24FFC9BB008855A3;
			productRefGroup = 04D7A84624FFC9BB008855A3 /* Products */;
			projectDirPath = "";
			projectRoot = "";
			targets = (
				04D7A84424FFC9BB008855A3 /* TableViewAndDelegationProject */,
			);
		};
/* End PBXProject section */

/* Begin PBXResourcesBuildPhase section */
		04D7A84324FFC9BB008855A3 /* Resources */ = {
			isa = PBXResourcesBuildPhase;
			buildActionMask = 2147483647;
			files = (
				04D7A85524FFC9BF008855A3 /* LaunchScreen.storyboard in Resources */,
				04D7A85224FFC9BF008855A3 /* Assets.xcassets in Resources */,
				04D7A85024FFC9BB008855A3 /* Main.storyboard in Resources */,
			);
			runOnlyForDeploymentPostprocessing = 0;
		};
/* End PBXResourcesBuildPhase section */

/* Begin PBXSourcesBuildPhase section */
		04D7A84124FFC9BB008855A3 /* Sources */ = {
			isa = PBXSourcesBuildPhase;
			buildActionMask = 2147483647;
			files = (
				04D7A84D24FFC9BB008855A3 /* ViewController.swift in Sources */,
				04D7A84924FFC9BB008855A3 /* AppDelegate.swift in Sources */,
				04D7A84B24FFC9BB008855A3 /* SceneDelegate.swift in Sources */,
				04D7A85D24FFCB71008855A3 /* DetailViewController.swift in Sources */,
			);
			runOnlyForDeploymentPostprocessing = 0;
		};
/* End PBXSourcesBuildPhase section */

/* Begin PBXVariantGroup section */
		04D7A84E24FFC9BB008855A3 /* Main.storyboard */ = {
			isa = PBXVariantGroup;
			children = (
				04D7A84F24FFC9BB008855A3 /* Base */,
			);
			name = Main.storyboard;
			sourceTree = "<group>";
		};
		04D7A85324FFC9BF008855A3 /* LaunchScreen.storyboard */ = {
			isa = PBXVariantGroup;
			children = (
				04D7A85424FFC9BF008855A3 /* Base */,
			);
			name = LaunchScreen.storyboard;
			sourceTree = "<group>";
		};
/* End PBXVariantGroup section */

/* Begin XCBuildConfiguration section */
		04D7A85724FFC9BF008855A3 /* Debug */ = {
			isa = XCBuildConfiguration;
			buildSettings = {
				ALWAYS_SEARCH_USER_PATHS = NO;
				CLANG_ANALYZER_NONNULL = YES;
				CLANG_ANALYZER_NUMBER_OBJECT_CONVERSION = YES_AGGRESSIVE;
				CLANG_CXX_LANGUAGE_STANDARD = "gnu++14";
				CLANG_CXX_LIBRARY = "libc++";
				CLANG_ENABLE_MODULES = YES;
				CLANG_ENABLE_OBJC_ARC = YES;
				CLANG_ENABLE_OBJC_WEAK = YES;
				CLANG_WARN_BLOCK_CAPTURE_AUTORELEASING = YES;
				CLANG_WARN_BOOL_CONVERSION = YES;
				CLANG_WARN_COMMA = YES;
				CLANG_WARN_CONSTANT_CONVERSION = YES;
				CLANG_WARN_DEPRECATED_OBJC_IMPLEMENTATIONS = YES;
				CLANG_WARN_DIRECT_OBJC_ISA_USAGE = YES_ERROR;
				CLANG_WARN_DOCUMENTATION_COMMENTS = YES;
				CLANG_WARN_EMPTY_BODY = YES;
				CLANG_WARN_ENUM_CONVERSION = YES;
				CLANG_WARN_INFINITE_RECURSION = YES;
				CLANG_WARN_INT_CONVERSION = YES;
				CLANG_WARN_NON_LITERAL_NULL_CONVERSION = YES;
				CLANG_WARN_OBJC_IMPLICIT_RETAIN_SELF = YES;
				CLANG_WARN_OBJC_LITERAL_CONVERSION = YES;
				CLANG_WARN_OBJC_ROOT_CLASS = YES_ERROR;
				CLANG_WARN_RANGE_LOOP_ANALYSIS = YES;
				CLANG_WARN_STRICT_PROTOTYPES = YES;
				CLANG_WARN_SUSPICIOUS_MOVE = YES;
				CLANG_WARN_UNGUARDED_AVAILABILITY = YES_AGGRESSIVE;
				CLANG_WARN_UNREACHABLE_CODE = YES;
				CLANG_WARN__DUPLICATE_METHOD_MATCH = YES;
				COPY_PHASE_STRIP = NO;
				DEBUG_INFORMATION_FORMAT = dwarf;
				ENABLE_STRICT_OBJC_MSGSEND = YES;
				ENABLE_TESTABILITY = YES;
				GCC_C_LANGUAGE_STANDARD = gnu11;
				GCC_DYNAMIC_NO_PIC = NO;
				GCC_NO_COMMON_BLOCKS = YES;
				GCC_OPTIMIZATION_LEVEL = 0;
				GCC_PREPROCESSOR_DEFINITIONS = (
					"DEBUG=1",
					"$(inherited)",
				);
				GCC_WARN_64_TO_32_BIT_CONVERSION = YES;
				GCC_WARN_ABOUT_RETURN_TYPE = YES_ERROR;
				GCC_WARN_UNDECLARED_SELECTOR = YES;
				GCC_WARN_UNINITIALIZED_AUTOS = YES_AGGRESSIVE;
				GCC_WARN_UNUSED_FUNCTION = YES;
				GCC_WARN_UNUSED_VARIABLE = YES;
				IPHONEOS_DEPLOYMENT_TARGET = 13.6;
				MTL_ENABLE_DEBUG_INFO = INCLUDE_SOURCE;
				MTL_FAST_MATH = YES;
				ONLY_ACTIVE_ARCH = YES;
				SDKROOT = iphoneos;
				SWIFT_ACTIVE_COMPILATION_CONDITIONS = DEBUG;
				SWIFT_OPTIMIZATION_LEVEL = "-Onone";
			};
			name = Debug;
		};
		04D7A85824FFC9BF008855A3 /* Release */ = {
			isa = XCBuildConfiguration;
			buildSettings = {
				ALWAYS_SEARCH_USER_PATHS = NO;
				CLANG_ANALYZER_NONNULL = YES;
				CLANG_ANALYZER_NUMBER_OBJECT_CONVERSION = YES_AGGRESSIVE;
				CLANG_CXX_LANGUAGE_STANDARD = "gnu++14";
				CLANG_CXX_LIBRARY = "libc++";
				CLANG_ENABLE_MODULES = YES;
				CLANG_ENABLE_OBJC_ARC = YES;
				CLANG_ENABLE_OBJC_WEAK = YES;
				CLANG_WARN_BLOCK_CAPTURE_AUTORELEASING = YES;
				CLANG_WARN_BOOL_CONVERSION = YES;
				CLANG_WARN_COMMA = YES;
				CLANG_WARN_CONSTANT_CONVERSION = YES;
				CLANG_WARN_DEPRECATED_OBJC_IMPLEMENTATIONS = YES;
				CLANG_WARN_DIRECT_OBJC_ISA_USAGE = YES_ERROR;
				CLANG_WARN_DOCUMENTATION_COMMENTS = YES;
				CLANG_WARN_EMPTY_BODY = YES;
				CLANG_WARN_ENUM_CONVERSION = YES;
				CLANG_WARN_INFINITE_RECURSION = YES;
				CLANG_WARN_INT_CONVERSION = YES;
				CLANG_WARN_NON_LITERAL_NULL_CONVERSION = YES;
				CLANG_WARN_OBJC_IMPLICIT_RETAIN_SELF = YES;
				CLANG_WARN_OBJC_LITERAL_CONVERSION = YES;
				CLANG_WARN_OBJC_ROOT_CLASS = YES_ERROR;
				CLANG_WARN_RANGE_LOOP_ANALYSIS = YES;
				CLANG_WARN_STRICT_PROTOTYPES = YES;
				CLANG_WARN_SUSPICIOUS_MOVE = YES;
				CLANG_WARN_UNGUARDED_AVAILABILITY = YES_AGGRESSIVE;
				CLANG_WARN_UNREACHABLE_CODE = YES;
				CLANG_WARN__DUPLICATE_METHOD_MATCH = YES;
				COPY_PHASE_STRIP = NO;
				DEBUG_INFORMATION_FORMAT = "dwarf-with-dsym";
				ENABLE_NS_ASSERTIONS = NO;
				ENABLE_STRICT_OBJC_MSGSEND = YES;
				GCC_C_LANGUAGE_STANDARD = gnu11;
				GCC_NO_COMMON_BLOCKS = YES;
				GCC_WARN_64_TO_32_BIT_CONVERSION = YES;
				GCC_WARN_ABOUT_RETURN_TYPE = YES_ERROR;
				GCC_WARN_UNDECLARED_SELECTOR = YES;
				GCC_WARN_UNINITIALIZED_AUTOS = YES_AGGRESSIVE;
				GCC_WARN_UNUSED_FUNCTION = YES;
				GCC_WARN_UNUSED_VARIABLE = YES;
				IPHONEOS_DEPLOYMENT_TARGET = 13.6;
				MTL_ENABLE_DEBUG_INFO = NO;
				MTL_FAST_MATH = YES;
				SDKROOT = iphoneos;
				SWIFT_COMPILATION_MODE = wholemodule;
				SWIFT_OPTIMIZATION_LEVEL = "-O";
				VALIDATE_PRODUCT = YES;
			};
			name = Release;
		};
		04D7A85A24FFC9BF008855A3 /* Debug */ = {
			isa = XCBuildConfiguration;
			buildSettings = {
				ASSETCATALOG_COMPILER_APPICON_NAME = AppIcon;
				CODE_SIGN_STYLE = Automatic;
				DEVELOPMENT_TEAM = S2G5KBNQ53;
				INFOPLIST_FILE = TableViewAndDelegationProject/Info.plist;
				LD_RUNPATH_SEARCH_PATHS = (
					"$(inherited)",
					"@executable_path/Frameworks",
				);
				PRODUCT_BUNDLE_IDENTIFIER = com.paul.renfrew.project.TableViewAndDelegationProject;
				PRODUCT_NAME = "$(TARGET_NAME)";
				SWIFT_VERSION = 5.0;
				TARGETED_DEVICE_FAMILY = "1,2";
			};
			name = Debug;
		};
		04D7A85B24FFC9BF008855A3 /* Release */ = {
			isa = XCBuildConfiguration;
			buildSettings = {
				ASSETCATALOG_COMPILER_APPICON_NAME = AppIcon;
				CODE_SIGN_STYLE = Automatic;
				DEVELOPMENT_TEAM = S2G5KBNQ53;
				INFOPLIST_FILE = TableViewAndDelegationProject/Info.plist;
				LD_RUNPATH_SEARCH_PATHS = (
					"$(inherited)",
					"@executable_path/Frameworks",
				);
				PRODUCT_BUNDLE_IDENTIFIER = com.paul.renfrew.project.TableViewAndDelegationProject;
				PRODUCT_NAME = "$(TARGET_NAME)";
				SWIFT_VERSION = 5.0;
				TARGETED_DEVICE_FAMILY = "1,2";
			};
			name = Release;
		};
/* End XCBuildConfiguration section */

/* Begin XCConfigurationList section */
		04D7A84024FFC9BB008855A3 /* Build configuration list for PBXProject "TableViewAndDelegationProject" */ = {
			isa = XCConfigurationList;
			buildConfigurations = (
				04D7A85724FFC9BF008855A3 /* Debug */,
				04D7A85824FFC9BF008855A3 /* Release */,
			);
			defaultConfigurationIsVisible = 0;
			defaultConfigurationName = Release;
		};
		04D7A85924FFC9BF008855A3 /* Build configuration list for PBXNativeTarget "TableViewAndDelegationProject" */ = {
			isa = XCConfigurationList;
			buildConfigurations = (
				04D7A85A24FFC9BF008855A3 /* Debug */,
				04D7A85B24FFC9BF008855A3 /* Release */,
			);
			defaultConfigurationIsVisible = 0;
			defaultConfigurationName = Release;
		};
/* End XCConfigurationList section */
	};
	rootObject = 04D7A83D24FFC9BB008855A3 /* Project object */;
}
